
Microsoft Visual Studio Solution File, Format Version 12.00
# Visual Studio Version 17
VisualStudioVersion = 17.2.32630.192
MinimumVisualStudioVersion = 10.0.40219.1
Project("{FAE04EC0-301F-11D3-BF4B-00C04F79EFBC}") = "Dia3", "Dia3.csproj", "{4F135A6A-321A-4B40-8C68-13340D767823}"
EndProject
Global
	GlobalSection(SolutionConfigurationPlatforms) = preSolution
		Debug|Any CPU = Debug|Any CPU
		Release|Any CPU = Release|Any CPU
	EndGlobalSection
	GlobalSection(ProjectConfigurationPlatforms) = postSolution
		{4F135A6A-321A-4B40-8C68-13340D767823}.Debug|Any CPU.ActiveCfg = Debug|Any CPU
		{4F135A6A-321A-4B40-8C68-13340D767823}.Debug|Any CPU.Build.0 = Debug|Any CPU
		{4F135A6A-321A-4B40-8C68-13340D767823}.Release|Any CPU.ActiveCfg = Release|Any CPU
		{4F135A6A-321A-4B40-8C68-13340D767823}.Release|Any CPU.Build.0 = Release|Any CPU
	EndGlobalSection
	GlobalSection(SolutionProperties) = preSolution
		HideSolutionNode = FALSE
	EndGlobalSection
	GlobalSection(ExtensibilityGlobals) = postSolution
		SolutionGuid = {2F4BE252-5B01-4EB9-96DA-DC7383BD63F6}
	EndGlobalSection
EndGlobal
